
Microsoft Visual Studio Solution File, Format Version 12.00
# Visual Studio 15
VisualStudioVersion = 15.0.26430.4
MinimumVisualStudioVersion = 10.0.40219.1
Project("{2150E333-8FDC-42A3-9474-1A3956D46DE8}") = "Engine", "Engine", "{12F41DCE-E204-4F24-B020-DCC87AD40361}"
EndProject
Project("{2150E333-8FDC-42A3-9474-1A3956D46DE8}") = "Games", "Games", "{A1CE8178-5600-4D33-BDD5-34074C3769DB}"
EndProject
Project("{8BC9CEB8-8B4A-11D0-8D11-00A0C91BC942}") = "UE4", "Intermediate\ProjectFiles\UE4.vcxproj", "{1D6AF0C5-AF95-433E-8050-06E333817DE2}"
EndProject
Project("{8BC9CEB8-8B4A-11D0-8D11-00A0C91BC942}") = "UnrealBomberman", "Intermediate\ProjectFiles\UnrealBomberman.vcxproj", "{AFD03A90-7B92-4364-9FC9-4932D59BCEF6}"
EndProject
Global
	GlobalSection(SolutionConfigurationPlatforms) = preSolution
		DebugGame Editor|HTML5 = DebugGame Editor|HTML5
		DebugGame Editor|IOS = DebugGame Editor|IOS
		DebugGame Editor|Win32 = DebugGame Editor|Win32
		DebugGame Editor|Win64 = DebugGame Editor|Win64
		DebugGame|HTML5 = DebugGame|HTML5
		DebugGame|IOS = DebugGame|IOS
		DebugGame|Win32 = DebugGame|Win32
		DebugGame|Win64 = DebugGame|Win64
		Development Editor|HTML5 = Development Editor|HTML5
		Development Editor|IOS = Development Editor|IOS
		Development Editor|Win32 = Development Editor|Win32
		Development Editor|Win64 = Development Editor|Win64
		Development|HTML5 = Development|HTML5
		Development|IOS = Development|IOS
		Development|Win32 = Development|Win32
		Development|Win64 = Development|Win64
		Shipping|HTML5 = Shipping|HTML5
		Shipping|IOS = Shipping|IOS
		Shipping|Win32 = Shipping|Win32
		Shipping|Win64 = Shipping|Win64
	EndGlobalSection
	GlobalSection(ProjectConfigurationPlatforms) = postSolution
		{1D6AF0C5-AF95-433E-8050-06E333817DE2}.DebugGame Editor|HTML5.ActiveCfg = BuiltWithUnrealBuildTool|Win32
		{1D6AF0C5-AF95-433E-8050-06E333817DE2}.DebugGame Editor|HTML5.Build.0 = BuiltWithUnrealBuildTool|Win32
		{1D6AF0C5-AF95-433E-8050-06E333817DE2}.DebugGame Editor|IOS.ActiveCfg = BuiltWithUnrealBuildTool|Win32
		{1D6AF0C5-AF95-433E-8050-06E333817DE2}.DebugGame Editor|IOS.Build.0 = BuiltWithUnrealBuildTool|Win32
		{1D6AF0C5-AF95-433E-8050-06E333817DE2}.DebugGame Editor|Win32.ActiveCfg = BuiltWithUnrealBuildTool|Win32
		{1D6AF0C5-AF95-433E-8050-06E333817DE2}.DebugGame Editor|Win32.Build.0 = BuiltWithUnrealBuildTool|Win32
		{1D6AF0C5-AF95-433E-8050-06E333817DE2}.DebugGame Editor|Win64.ActiveCfg = BuiltWithUnrealBuildTool|Win32
		{1D6AF0C5-AF95-433E-8050-06E333817DE2}.DebugGame Editor|Win64.Build.0 = BuiltWithUnrealBuildTool|Win32
		{1D6AF0C5-AF95-433E-8050-06E333817DE2}.DebugGame|HTML5.ActiveCfg = BuiltWithUnrealBuildTool|Win32
		{1D6AF0C5-AF95-433E-8050-06E333817DE2}.DebugGame|HTML5.Build.0 = BuiltWithUnrealBuildTool|Win32
		{1D6AF0C5-AF95-433E-8050-06E333817DE2}.DebugGame|IOS.ActiveCfg = BuiltWithUnrealBuildTool|Win32
		{1D6AF0C5-AF95-433E-8050-06E333817DE2}.DebugGame|IOS.Build.0 = BuiltWithUnrealBuildTool|Win32
		{1D6AF0C5-AF95-433E-8050-06E333817DE2}.DebugGame|Win32.ActiveCfg = BuiltWithUnrealBuildTool|Win32
		{1D6AF0C5-AF95-433E-8050-06E333817DE2}.DebugGame|Win32.Build.0 = BuiltWithUnrealBuildTool|Win32
		{1D6AF0C5-AF95-433E-8050-06E333817DE2}.DebugGame|Win64.ActiveCfg = BuiltWithUnrealBuildTool|Win32
		{1D6AF0C5-AF95-433E-8050-06E333817DE2}.DebugGame|Win64.Build.0 = BuiltWithUnrealBuildTool|Win32
		{1D6AF0C5-AF95-433E-8050-06E333817DE2}.Development Editor|HTML5.ActiveCfg = BuiltWithUnrealBuildTool|Win32
		{1D6AF0C5-AF95-433E-8050-06E333817DE2}.Development Editor|HTML5.Build.0 = BuiltWithUnrealBuildTool|Win32
		{1D6AF0C5-AF95-433E-8050-06E333817DE2}.Development Editor|IOS.ActiveCfg = BuiltWithUnrealBuildTool|Win32
		{1D6AF0C5-AF95-433E-8050-06E333817DE2}.Development Editor|IOS.Build.0 = BuiltWithUnrealBuildTool|Win32
		{1D6AF0C5-AF95-433E-8050-06E333817DE2}.Development Editor|Win32.ActiveCfg = BuiltWithUnrealBuildTool|Win32
		{1D6AF0C5-AF95-433E-8050-06E333817DE2}.Development Editor|Win32.Build.0 = BuiltWithUnrealBuildTool|Win32
		{1D6AF0C5-AF95-433E-8050-06E333817DE2}.Development Editor|Win64.ActiveCfg = BuiltWithUnrealBuildTool|Win32
		{1D6AF0C5-AF95-433E-8050-06E333817DE2}.Development Editor|Win64.Build.0 = BuiltWithUnrealBuildTool|Win32
		{1D6AF0C5-AF95-433E-8050-06E333817DE2}.Development|HTML5.ActiveCfg = BuiltWithUnrealBuildTool|Win32
		{1D6AF0C5-AF95-433E-8050-06E333817DE2}.Development|HTML5.Build.0 = BuiltWithUnrealBuildTool|Win32
		{1D6AF0C5-AF95-433E-8050-06E333817DE2}.Development|IOS.ActiveCfg = BuiltWithUnrealBuildTool|Win32
		{1D6AF0C5-AF95-433E-8050-06E333817DE2}.Development|IOS.Build.0 = BuiltWithUnrealBuildTool|Win32
		{1D6AF0C5-AF95-433E-8050-06E333817DE2}.Development|Win32.ActiveCfg = BuiltWithUnrealBuildTool|Win32
		{1D6AF0C5-AF95-433E-8050-06E333817DE2}.Development|Win32.Build.0 = BuiltWithUnrealBuildTool|Win32
		{1D6AF0C5-AF95-433E-8050-06E333817DE2}.Development|Win64.ActiveCfg = BuiltWithUnrealBuildTool|Win32
		{1D6AF0C5-AF95-433E-8050-06E333817DE2}.Development|Win64.Build.0 = BuiltWithUnrealBuildTool|Win32
		{1D6AF0C5-AF95-433E-8050-06E333817DE2}.Shipping|HTML5.ActiveCfg = BuiltWithUnrealBuildTool|Win32
		{1D6AF0C5-AF95-433E-8050-06E333817DE2}.Shipping|HTML5.Build.0 = BuiltWithUnrealBuildTool|Win32
		{1D6AF0C5-AF95-433E-8050-06E333817DE2}.Shipping|IOS.ActiveCfg = BuiltWithUnrealBuildTool|Win32
		{1D6AF0C5-AF95-433E-8050-06E333817DE2}.Shipping|IOS.Build.0 = BuiltWithUnrealBuildTool|Win32
		{1D6AF0C5-AF95-433E-8050-06E333817DE2}.Shipping|Win32.ActiveCfg = BuiltWithUnrealBuildTool|Win32
		{1D6AF0C5-AF95-433E-8050-06E333817DE2}.Shipping|Win32.Build.0 = BuiltWithUnrealBuildTool|Win32
		{1D6AF0C5-AF95-433E-8050-06E333817DE2}.Shipping|Win64.ActiveCfg = BuiltWithUnrealBuildTool|Win32
		{1D6AF0C5-AF95-433E-8050-06E333817DE2}.Shipping|Win64.Build.0 = BuiltWithUnrealBuildTool|Win32
		{AFD03A90-7B92-4364-9FC9-4932D59BCEF6}.DebugGame Editor|HTML5.ActiveCfg = HTML5_DebugGame_Editor|Win32
		{AFD03A90-7B92-4364-9FC9-4932D59BCEF6}.DebugGame Editor|IOS.ActiveCfg = IOS_DebugGame_Editor|Win32
		{AFD03A90-7B92-4364-9FC9-4932D59BCEF6}.DebugGame Editor|Win32.ActiveCfg = DebugGame_Editor|Win32
		{AFD03A90-7B92-4364-9FC9-4932D59BCEF6}.DebugGame Editor|Win64.ActiveCfg = DebugGame_Editor|x64
		{AFD03A90-7B92-4364-9FC9-4932D59BCEF6}.DebugGame Editor|Win64.Build.0 = DebugGame_Editor|x64
		{AFD03A90-7B92-4364-9FC9-4932D59BCEF6}.DebugGame|HTML5.ActiveCfg = HTML5_DebugGame_Game|Win32
		{AFD03A90-7B92-4364-9FC9-4932D59BCEF6}.DebugGame|HTML5.Build.0 = HTML5_DebugGame_Game|Win32
		{AFD03A90-7B92-4364-9FC9-4932D59BCEF6}.DebugGame|IOS.ActiveCfg = IOS_DebugGame_Game|Win32
		{AFD03A90-7B92-4364-9FC9-4932D59BCEF6}.DebugGame|IOS.Build.0 = IOS_DebugGame_Game|Win32
		{AFD03A90-7B92-4364-9FC9-4932D59BCEF6}.DebugGame|Win32.ActiveCfg = DebugGame_Game|Win32
		{AFD03A90-7B92-4364-9FC9-4932D59BCEF6}.DebugGame|Win32.Build.0 = DebugGame_Game|Win32
		{AFD03A90-7B92-4364-9FC9-4932D59BCEF6}.DebugGame|Win64.ActiveCfg = DebugGame_Game|x64
		{AFD03A90-7B92-4364-9FC9-4932D59BCEF6}.DebugGame|Win64.Build.0 = DebugGame_Game|x64
		{AFD03A90-7B92-4364-9FC9-4932D59BCEF6}.Development Editor|HTML5.ActiveCfg = HTML5_Development_Editor|Win32
		{AFD03A90-7B92-4364-9FC9-4932D59BCEF6}.Development Editor|IOS.ActiveCfg = IOS_Development_Editor|Win32
		{AFD03A90-7B92-4364-9FC9-4932D59BCEF6}.Development Editor|Win32.ActiveCfg = Development_Editor|Win32
		{AFD03A90-7B92-4364-9FC9-4932D59BCEF6}.Development Editor|Win64.ActiveCfg = Development_Editor|x64
		{AFD03A90-7B92-4364-9FC9-4932D59BCEF6}.Development Editor|Win64.Build.0 = Development_Editor|x64
		{AFD03A90-7B92-4364-9FC9-4932D59BCEF6}.Development|HTML5.ActiveCfg = HTML5_Development_Game|Win32
		{AFD03A90-7B92-4364-9FC9-4932D59BCEF6}.Development|HTML5.Build.0 = HTML5_Development_Game|Win32
		{AFD03A90-7B92-4364-9FC9-4932D59BCEF6}.Development|IOS.ActiveCfg = IOS_Development_Game|Win32
		{AFD03A90-7B92-4364-9FC9-4932D59BCEF6}.Development|IOS.Build.0 = IOS_Development_Game|Win32
		{AFD03A90-7B92-4364-9FC9-4932D59BCEF6}.Development|Win32.ActiveCfg = Development_Game|Win32
		{AFD03A90-7B92-4364-9FC9-4932D59BCEF6}.Development|Win32.Build.0 = Development_Game|Win32
		{AFD03A90-7B92-4364-9FC9-4932D59BCEF6}.Development|Win64.ActiveCfg = Development_Game|x64
		{AFD03A90-7B92-4364-9FC9-4932D59BCEF6}.Development|Win64.Build.0 = Development_Game|x64
		{AFD03A90-7B92-4364-9FC9-4932D59BCEF6}.Shipping|HTML5.ActiveCfg = HTML5_Shipping_Game|Win32
		{AFD03A90-7B92-4364-9FC9-4932D59BCEF6}.Shipping|HTML5.Build.0 = HTML5_Shipping_Game|Win32
		{AFD03A90-7B92-4364-9FC9-4932D59BCEF6}.Shipping|IOS.ActiveCfg = IOS_Shipping_Game|Win32
		{AFD03A90-7B92-4364-9FC9-4932D59BCEF6}.Shipping|IOS.Build.0 = IOS_Shipping_Game|Win32
		{AFD03A90-7B92-4364-9FC9-4932D59BCEF6}.Shipping|Win32.ActiveCfg = Shipping_Game|Win32
		{AFD03A90-7B92-4364-9FC9-4932D59BCEF6}.Shipping|Win32.Build.0 = Shipping_Game|Win32
		{AFD03A90-7B92-4364-9FC9-4932D59BCEF6}.Shipping|Win64.ActiveCfg = Shipping_Game|x64
		{AFD03A90-7B92-4364-9FC9-4932D59BCEF6}.Shipping|Win64.Build.0 = Shipping_Game|x64
	EndGlobalSection
	GlobalSection(SolutionProperties) = preSolution
		HideSolutionNode = FALSE
	EndGlobalSection
	GlobalSection(NestedProjects) = preSolution
		{1D6AF0C5-AF95-433E-8050-06E333817DE2} = {12F41DCE-E204-4F24-B020-DCC87AD40361}
		{AFD03A90-7B92-4364-9FC9-4932D59BCEF6} = {A1CE8178-5600-4D33-BDD5-34074C3769DB}
	EndGlobalSection
EndGlobal
